
Microsoft Visual Studio Solution File, Format Version 12.00
# Visual Studio Version 17
VisualStudioVersion = 17.10.35027.167
MinimumVisualStudioVersion = 10.0.40219.1
Project("{9A19103F-16F7-4668-BE54-9A1E7A4F7556}") = "BlazorApp1", "BlazorApp1\BlazorApp1.csproj", "{4577E603-9802-4469-AB95-64CF3F92182B}"
EndProject
Project("{FAE04EC0-301F-11D3-BF4B-00C04F79EFBC}") = "TestProject1", "TestProject1\TestProject1.csproj", "{CFD63B04-3758-4474-9F70-9F5A2D597F8D}"
EndProject
Global
	GlobalSection(SolutionConfigurationPlatforms) = preSolution
		Debug|Any CPU = Debug|Any CPU
		Release|Any CPU = Release|Any CPU
	EndGlobalSection
	GlobalSection(ProjectConfigurationPlatforms) = postSolution
		{4577E603-9802-4469-AB95-64CF3F92182B}.Debug|Any CPU.ActiveCfg = Debug|Any CPU
		{4577E603-9802-4469-AB95-64CF3F92182B}.Debug|Any CPU.Build.0 = Debug|Any CPU
		{4577E603-9802-4469-AB95-64CF3F92182B}.Release|Any CPU.ActiveCfg = Release|Any CPU
		{4577E603-9802-4469-AB95-64CF3F92182B}.Release|Any CPU.Build.0 = Release|Any CPU
		{CFD63B04-3758-4474-9F70-9F5A2D597F8D}.Debug|Any CPU.ActiveCfg = Debug|Any CPU
		{CFD63B04-3758-4474-9F70-9F5A2D597F8D}.Debug|Any CPU.Build.0 = Debug|Any CPU
		{CFD63B04-3758-4474-9F70-9F5A2D597F8D}.Release|Any CPU.ActiveCfg = Release|Any CPU
		{CFD63B04-3758-4474-9F70-9F5A2D597F8D}.Release|Any CPU.Build.0 = Release|Any CPU
	EndGlobalSection
	GlobalSection(SolutionProperties) = preSolution
		HideSolutionNode = FALSE
	EndGlobalSection
	GlobalSection(ExtensibilityGlobals) = postSolution
		SolutionGuid = {76C03FA2-DDFC-4FFE-A02C-BEF56C8AC873}
	EndGlobalSection
EndGlobal
